
Microsoft Visual Studio Solution File, Format Version 12.00
# Visual Studio Version 16
VisualStudioVersion = 16.0.31727.386
MinimumVisualStudioVersion = 10.0.40219.1
Project("{8BC9CEB8-8B4A-11D0-8D11-00A0C91BC942}") = "zad0", "zad0\zad0.vcxproj", "{9BF4E193-042F-483C-87CD-76B2F70EEF38}"
EndProject
Project("{8BC9CEB8-8B4A-11D0-8D11-00A0C91BC942}") = "zad1", "zad1\zad1.vcxproj", "{0E131265-6029-424A-9716-25A5A01CCC19}"
EndProject
Project("{8BC9CEB8-8B4A-11D0-8D11-00A0C91BC942}") = "zad2", "zad2\zad2.vcxproj", "{A4583225-DCE0-42E0-B0BB-98869021A83F}"
EndProject
Project("{8BC9CEB8-8B4A-11D0-8D11-00A0C91BC942}") = "zad3", "zad3\zad3.vcxproj", "{4BEA81FC-CD3D-4E89-AEE8-ABE9ED18C2A6}"
EndProject
Project("{8BC9CEB8-8B4A-11D0-8D11-00A0C91BC942}") = "zad4", "zad4\zad4.vcxproj", "{5F687AE1-991C-4E1E-A805-112516482337}"
EndProject
Project("{8BC9CEB8-8B4A-11D0-8D11-00A0C91BC942}") = "zad5", "zad5\zad5.vcxproj", "{E0B23EF1-463B-46D8-BEB3-4924B4D16589}"
EndProject
Project("{8BC9CEB8-8B4A-11D0-8D11-00A0C91BC942}") = "zad6", "zad6\zad6.vcxproj", "{4469E885-9117-45F4-8BCB-3A724A35D05C}"
EndProject
Project("{8BC9CEB8-8B4A-11D0-8D11-00A0C91BC942}") = "zad7", "zad7\zad7.vcxproj", "{17BC872C-A058-45FD-A062-8B9B0BFF3130}"
EndProject
Project("{8BC9CEB8-8B4A-11D0-8D11-00A0C91BC942}") = "zad8", "zad8\zad8.vcxproj", "{C4C1EB34-9054-486A-B928-27B8CC2EB49A}"
EndProject
Project("{8BC9CEB8-8B4A-11D0-8D11-00A0C91BC942}") = "zad9", "zad9\zad9.vcxproj", "{906C7B61-42B1-4D30-B35F-03DA4C13332F}"
EndProject
Global
	GlobalSection(SolutionConfigurationPlatforms) = preSolution
		Debug|x64 = Debug|x64
		Debug|x86 = Debug|x86
		Release|x64 = Release|x64
		Release|x86 = Release|x86
	EndGlobalSection
	GlobalSection(ProjectConfigurationPlatforms) = postSolution
		{9BF4E193-042F-483C-87CD-76B2F70EEF38}.Debug|x64.ActiveCfg = Debug|x64
		{9BF4E193-042F-483C-87CD-76B2F70EEF38}.Debug|x64.Build.0 = Debug|x64
		{9BF4E193-042F-483C-87CD-76B2F70EEF38}.Debug|x86.ActiveCfg = Debug|Win32
		{9BF4E193-042F-483C-87CD-76B2F70EEF38}.Debug|x86.Build.0 = Debug|Win32
		{9BF4E193-042F-483C-87CD-76B2F70EEF38}.Release|x64.ActiveCfg = Release|x64
		{9BF4E193-042F-483C-87CD-76B2F70EEF38}.Release|x64.Build.0 = Release|x64
		{9BF4E193-042F-483C-87CD-76B2F70EEF38}.Release|x86.ActiveCfg = Release|Win32
		{9BF4E193-042F-483C-87CD-76B2F70EEF38}.Release|x86.Build.0 = Release|Win32
		{0E131265-6029-424A-9716-25A5A01CCC19}.Debug|x64.ActiveCfg = Debug|x64
		{0E131265-6029-424A-9716-25A5A01CCC19}.Debug|x64.Build.0 = Debug|x64
		{0E131265-6029-424A-9716-25A5A01CCC19}.Debug|x86.ActiveCfg = Debug|Win32
		{0E131265-6029-424A-9716-25A5A01CCC19}.Debug|x86.Build.0 = Debug|Win32
		{0E131265-6029-424A-9716-25A5A01CCC19}.Release|x64.ActiveCfg = Release|x64
		{0E131265-6029-424A-9716-25A5A01CCC19}.Release|x64.Build.0 = Release|x64
		{0E131265-6029-424A-9716-25A5A01CCC19}.Release|x86.ActiveCfg = Release|Win32
		{0E131265-6029-424A-9716-25A5A01CCC19}.Release|x86.Build.0 = Release|Win32
		{A4583225-DCE0-42E0-B0BB-98869021A83F}.Debug|x64.ActiveCfg = Debug|x64
		{A4583225-DCE0-42E0-B0BB-98869021A83F}.Debug|x64.Build.0 = Debug|x64
		{A4583225-DCE0-42E0-B0BB-98869021A83F}.Debug|x86.ActiveCfg = Debug|Win32
		{A4583225-DCE0-42E0-B0BB-98869021A83F}.Debug|x86.Build.0 = Debug|Win32
		{A4583225-DCE0-42E0-B0BB-98869021A83F}.Release|x64.ActiveCfg = Release|x64
		{A4583225-DCE0-42E0-B0BB-98869021A83F}.Release|x64.Build.0 = Release|x64
		{A4583225-DCE0-42E0-B0BB-98869021A83F}.Release|x86.ActiveCfg = Release|Win32
		{A4583225-DCE0-42E0-B0BB-98869021A83F}.Release|x86.Build.0 = Release|Win32
		{4BEA81FC-CD3D-4E89-AEE8-ABE9ED18C2A6}.Debug|x64.ActiveCfg = Debug|x64
		{4BEA81FC-CD3D-4E89-AEE8-ABE9ED18C2A6}.Debug|x64.Build.0 = Debug|x64
		{4BEA81FC-CD3D-4E89-AEE8-ABE9ED18C2A6}.Debug|x86.ActiveCfg = Debug|Win32
		{4BEA81FC-CD3D-4E89-AEE8-ABE9ED18C2A6}.Debug|x86.Build.0 = Debug|Win32
		{4BEA81FC-CD3D-4E89-AEE8-ABE9ED18C2A6}.Release|x64.ActiveCfg = Release|x64
		{4BEA81FC-CD3D-4E89-AEE8-ABE9ED18C2A6}.Release|x64.Build.0 = Release|x64
		{4BEA81FC-CD3D-4E89-AEE8-ABE9ED18C2A6}.Release|x86.ActiveCfg = Release|Win32
		{4BEA81FC-CD3D-4E89-AEE8-ABE9ED18C2A6}.Release|x86.Build.0 = Release|Win32
		{5F687AE1-991C-4E1E-A805-112516482337}.Debug|x64.ActiveCfg = Debug|x64
		{5F687AE1-991C-4E1E-A805-112516482337}.Debug|x64.Build.0 = Debug|x64
		{5F687AE1-991C-4E1E-A805-112516482337}.Debug|x86.ActiveCfg = Debug|Win32
		{5F687AE1-991C-4E1E-A805-112516482337}.Debug|x86.Build.0 = Debug|Win32
		{5F687AE1-991C-4E1E-A805-112516482337}.Release|x64.ActiveCfg = Release|x64
		{5F687AE1-991C-4E1E-A805-112516482337}.Release|x64.Build.0 = Release|x64
		{5F687AE1-991C-4E1E-A805-112516482337}.Release|x86.ActiveCfg = Release|Win32
		{5F687AE1-991C-4E1E-A805-112516482337}.Release|x86.Build.0 = Release|Win32
		{E0B23EF1-463B-46D8-BEB3-4924B4D16589}.Debug|x64.ActiveCfg = Debug|x64
		{E0B23EF1-463B-46D8-BEB3-4924B4D16589}.Debug|x64.Build.0 = Debug|x64
		{E0B23EF1-463B-46D8-BEB3-4924B4D16589}.Debug|x86.ActiveCfg = Debug|Win32
		{E0B23EF1-463B-46D8-BEB3-4924B4D16589}.Debug|x86.Build.0 = Debug|Win32
		{E0B23EF1-463B-46D8-BEB3-4924B4D16589}.Release|x64.ActiveCfg = Release|x64
		{E0B23EF1-463B-46D8-BEB3-4924B4D16589}.Release|x64.Build.0 = Release|x64
		{E0B23EF1-463B-46D8-BEB3-4924B4D16589}.Release|x86.ActiveCfg = Release|Win32
		{E0B23EF1-463B-46D8-BEB3-4924B4D16589}.Release|x86.Build.0 = Release|Win32
		{4469E885-9117-45F4-8BCB-3A724A35D05C}.Debug|x64.ActiveCfg = Debug|x64
		{4469E885-9117-45F4-8BCB-3A724A35D05C}.Debug|x64.Build.0 = Debug|x64
		{4469E885-9117-45F4-8BCB-3A724A35D05C}.Debug|x86.ActiveCfg = Debug|Win32
		{4469E885-9117-45F4-8BCB-3A724A35D05C}.Debug|x86.Build.0 = Debug|Win32
		{4469E885-9117-45F4-8BCB-3A724A35D05C}.Release|x64.ActiveCfg = Release|x64
		{4469E885-9117-45F4-8BCB-3A724A35D05C}.Release|x64.Build.0 = Release|x64
		{4469E885-9117-45F4-8BCB-3A724A35D05C}.Release|x86.ActiveCfg = Release|Win32
		{4469E885-9117-45F4-8BCB-3A724A35D05C}.Release|x86.Build.0 = Release|Win32
		{17BC872C-A058-45FD-A062-8B9B0BFF3130}.Debug|x64.ActiveCfg = Debug|x64
		{17BC872C-A058-45FD-A062-8B9B0BFF3130}.Debug|x64.Build.0 = Debug|x64
		{17BC872C-A058-45FD-A062-8B9B0BFF3130}.Debug|x86.ActiveCfg = Debug|Win32
		{17BC872C-A058-45FD-A062-8B9B0BFF3130}.Debug|x86.Build.0 = Debug|Win32
		{17BC872C-A058-45FD-A062-8B9B0BFF3130}.Release|x64.ActiveCfg = Release|x64
		{17BC872C-A058-45FD-A062-8B9B0BFF3130}.Release|x64.Build.0 = Release|x64
		{17BC872C-A058-45FD-A062-8B9B0BFF3130}.Release|x86.ActiveCfg = Release|Win32
		{17BC872C-A058-45FD-A062-8B9B0BFF3130}.Release|x86.Build.0 = Release|Win32
		{C4C1EB34-9054-486A-B928-27B8CC2EB49A}.Debug|x64.ActiveCfg = Debug|x64
		{C4C1EB34-9054-486A-B928-27B8CC2EB49A}.Debug|x64.Build.0 = Debug|x64
		{C4C1EB34-9054-486A-B928-27B8CC2EB49A}.Debug|x86.ActiveCfg = Debug|Win32
		{C4C1EB34-9054-486A-B928-27B8CC2EB49A}.Debug|x86.Build.0 = Debug|Win32
		{C4C1EB34-9054-486A-B928-27B8CC2EB49A}.Release|x64.ActiveCfg = Release|x64
		{C4C1EB34-9054-486A-B928-27B8CC2EB49A}.Release|x64.Build.0 = Release|x64
		{C4C1EB34-9054-486A-B928-27B8CC2EB49A}.Release|x86.ActiveCfg = Release|Win32
		{C4C1EB34-9054-486A-B928-27B8CC2EB49A}.Release|x86.Build.0 = Release|Win32
		{906C7B61-42B1-4D30-B35F-03DA4C13332F}.Debug|x64.ActiveCfg = Debug|x64
		{906C7B61-42B1-4D30-B35F-03DA4C13332F}.Debug|x64.Build.0 = Debug|x64
		{906C7B61-42B1-4D30-B35F-03DA4C13332F}.Debug|x86.ActiveCfg = Debug|Win32
		{906C7B61-42B1-4D30-B35F-03DA4C13332F}.Debug|x86.Build.0 = Debug|Win32
		{906C7B61-42B1-4D30-B35F-03DA4C13332F}.Release|x64.ActiveCfg = Release|x64
		{906C7B61-42B1-4D30-B35F-03DA4C13332F}.Release|x64.Build.0 = Release|x64
		{906C7B61-42B1-4D30-B35F-03DA4C13332F}.Release|x86.ActiveCfg = Release|Win32
		{906C7B61-42B1-4D30-B35F-03DA4C13332F}.Release|x86.Build.0 = Release|Win32
	EndGlobalSection
	GlobalSection(SolutionProperties) = preSolution
		HideSolutionNode = FALSE
	EndGlobalSection
	GlobalSection(ExtensibilityGlobals) = postSolution
		SolutionGuid = {CEEE1B94-92D4-4751-B193-A5730D1B0693}
	EndGlobalSection
EndGlobal
