
Microsoft Visual Studio Solution File, Format Version 12.00
# Visual Studio Version 16
VisualStudioVersion = 16.0.32106.194
MinimumVisualStudioVersion = 10.0.40219.1
Project("{8BC9CEB8-8B4A-11D0-8D11-00A0C91BC942}") = "(1) matrix cut in the middle", "(1) matrix cut in the middle\(1) matrix cut in the middle.vcxproj", "{52C7757B-36EC-4FA4-833D-8396BD8C0DA9}"
EndProject
Project("{8BC9CEB8-8B4A-11D0-8D11-00A0C91BC942}") = "(2) occurrences of the word up in matrix", "(2) occurrences of the word up in matrix\(2) occurrences of the word up in matrix.vcxproj", "{B0A542FA-FD84-4A45-87D0-B8D8CF89C472}"
EndProject
Project("{8BC9CEB8-8B4A-11D0-8D11-00A0C91BC942}") = "(3) permutation", "(3) permutation\(3) permutation.vcxproj", "{6E44C6D7-08F0-4B70-92EB-F01E32511411}"
EndProject
Global
	GlobalSection(SolutionConfigurationPlatforms) = preSolution
		Debug|x64 = Debug|x64
		Debug|x86 = Debug|x86
		Release|x64 = Release|x64
		Release|x86 = Release|x86
	EndGlobalSection
	GlobalSection(ProjectConfigurationPlatforms) = postSolution
		{52C7757B-36EC-4FA4-833D-8396BD8C0DA9}.Debug|x64.ActiveCfg = Debug|x64
		{52C7757B-36EC-4FA4-833D-8396BD8C0DA9}.Debug|x64.Build.0 = Debug|x64
		{52C7757B-36EC-4FA4-833D-8396BD8C0DA9}.Debug|x86.ActiveCfg = Debug|Win32
		{52C7757B-36EC-4FA4-833D-8396BD8C0DA9}.Debug|x86.Build.0 = Debug|Win32
		{52C7757B-36EC-4FA4-833D-8396BD8C0DA9}.Release|x64.ActiveCfg = Release|x64
		{52C7757B-36EC-4FA4-833D-8396BD8C0DA9}.Release|x64.Build.0 = Release|x64
		{52C7757B-36EC-4FA4-833D-8396BD8C0DA9}.Release|x86.ActiveCfg = Release|Win32
		{52C7757B-36EC-4FA4-833D-8396BD8C0DA9}.Release|x86.Build.0 = Release|Win32
		{B0A542FA-FD84-4A45-87D0-B8D8CF89C472}.Debug|x64.ActiveCfg = Debug|x64
		{B0A542FA-FD84-4A45-87D0-B8D8CF89C472}.Debug|x64.Build.0 = Debug|x64
		{B0A542FA-FD84-4A45-87D0-B8D8CF89C472}.Debug|x86.ActiveCfg = Debug|Win32
		{B0A542FA-FD84-4A45-87D0-B8D8CF89C472}.Debug|x86.Build.0 = Debug|Win32
		{B0A542FA-FD84-4A45-87D0-B8D8CF89C472}.Release|x64.ActiveCfg = Release|x64
		{B0A542FA-FD84-4A45-87D0-B8D8CF89C472}.Release|x64.Build.0 = Release|x64
		{B0A542FA-FD84-4A45-87D0-B8D8CF89C472}.Release|x86.ActiveCfg = Release|Win32
		{B0A542FA-FD84-4A45-87D0-B8D8CF89C472}.Release|x86.Build.0 = Release|Win32
		{6E44C6D7-08F0-4B70-92EB-F01E32511411}.Debug|x64.ActiveCfg = Debug|x64
		{6E44C6D7-08F0-4B70-92EB-F01E32511411}.Debug|x64.Build.0 = Debug|x64
		{6E44C6D7-08F0-4B70-92EB-F01E32511411}.Debug|x86.ActiveCfg = Debug|Win32
		{6E44C6D7-08F0-4B70-92EB-F01E32511411}.Debug|x86.Build.0 = Debug|Win32
		{6E44C6D7-08F0-4B70-92EB-F01E32511411}.Release|x64.ActiveCfg = Release|x64
		{6E44C6D7-08F0-4B70-92EB-F01E32511411}.Release|x64.Build.0 = Release|x64
		{6E44C6D7-08F0-4B70-92EB-F01E32511411}.Release|x86.ActiveCfg = Release|Win32
		{6E44C6D7-08F0-4B70-92EB-F01E32511411}.Release|x86.Build.0 = Release|Win32
	EndGlobalSection
	GlobalSection(SolutionProperties) = preSolution
		HideSolutionNode = FALSE
	EndGlobalSection
	GlobalSection(ExtensibilityGlobals) = postSolution
		SolutionGuid = {9A63E0F3-CB24-4E8E-97E4-FF3AC9AC7932}
	EndGlobalSection
EndGlobal
